// !$*UTF8*$!
{
	archiveVersion = 1;
	classes = {
	};
	objectVersion = 46;
	objects = {

/* Begin PBXBuildFile section */
		2F990C8D1B2FD268000A9AC5 /* AppDelegate.swift in Sources */ = {isa = PBXBuildFile; fileRef = 2F990C8C1B2FD268000A9AC5 /* AppDelegate.swift */; };
		2F990C921B2FD268000A9AC5 /* Main.storyboard in Resources */ = {isa = PBXBuildFile; fileRef = 2F990C901B2FD268000A9AC5 /* Main.storyboard */; };
		2F990C941B2FD268000A9AC5 /* Images.xcassets in Resources */ = {isa = PBXBuildFile; fileRef = 2F990C931B2FD268000A9AC5 /* Images.xcassets */; };
		2F990C971B2FD268000A9AC5 /* LaunchScreen.xib in Resources */ = {isa = PBXBuildFile; fileRef = 2F990C951B2FD268000A9AC5 /* LaunchScreen.xib */; };
		2F990CA31B2FD268000A9AC5 /* PhotoViewerTests.swift in Sources */ = {isa = PBXBuildFile; fileRef = 2F990CA21B2FD268000A9AC5 /* PhotoViewerTests.swift */; };
		2F990CAD1B2FD652000A9AC5 /* Photo.swift in Sources */ = {isa = PBXBuildFile; fileRef = 2F990CAC1B2FD652000A9AC5 /* Photo.swift */; };
		2F990CAF1B2FD78E000A9AC5 /* PhotosTableViewController.swift in Sources */ = {isa = PBXBuildFile; fileRef = 2F990CAE1B2FD78E000A9AC5 /* PhotosTableViewController.swift */; };
		2F990CB11B2FD7D0000A9AC5 /* DisplayViewController.swift in Sources */ = {isa = PBXBuildFile; fileRef = 2F990CB01B2FD7D0000A9AC5 /* DisplayViewController.swift */; };
		2F990CB31B2FD7EC000A9AC5 /* InfoViewController.swift in Sources */ = {isa = PBXBuildFile; fileRef = 2F990CB21B2FD7EC000A9AC5 /* InfoViewController.swift */; };
/* End PBXBuildFile section */

/* Begin PBXContainerItemProxy section */
		2F990C9D1B2FD268000A9AC5 /* PBXContainerItemProxy */ = {
			isa = PBXContainerItemProxy;
			containerPortal = 2F990C7F1B2FD268000A9AC5 /* Project object */;
			proxyType = 1;
			remoteGlobalIDString = 2F990C861B2FD268000A9AC5;
			remoteInfo = PhotoViewer;
		};
/* End PBXContainerItemProxy section */

/* Begin PBXFileReference section */
		2F990C871B2FD268000A9AC5 /* PhotoViewer.app */ = {isa = PBXFileReference; explicitFileType = wrapper.application; includeInIndex = 0; path = PhotoViewer.app; sourceTree = BUILT_PRODUCTS_DIR; };
		2F990C8B1B2FD268000A9AC5 /* Info.plist */ = {isa = PBXFileReference; lastKnownFileType = text.plist.xml; path = Info.plist; sourceTree = "<group>"; };
		2F990C8C1B2FD268000A9AC5 /* AppDelegate.swift */ = {isa = PBXFileReference; lastKnownFileType = sourcecode.swift; path = AppDelegate.swift; sourceTree = "<group>"; };
		2F990C911B2FD268000A9AC5 /* Base */ = {isa = PBXFileReference; lastKnownFileType = file.storyboard; name = Base; path = Base.lproj/Main.storyboard; sourceTree = "<group>"; };
		2F990C931B2FD268000A9AC5 /* Images.xcassets */ = {isa = PBXFileReference; lastKnownFileType = folder.assetcatalog; path = Images.xcassets; sourceTree = "<group>"; };
		2F990C961B2FD268000A9AC5 /* Base */ = {isa = PBXFileReference; lastKnownFileType = file.xib; name = Base; path = Base.lproj/LaunchScreen.xib; sourceTree = "<group>"; };
		2F990C9C1B2FD268000A9AC5 /* PhotoViewerTests.xctest */ = {isa = PBXFileReference; explicitFileType = wrapper.cfbundle; includeInIndex = 0; path = PhotoViewerTests.xctest; sourceTree = BUILT_PRODUCTS_DIR; };
		2F990CA11B2FD268000A9AC5 /* Info.plist */ = {isa = PBXFileReference; lastKnownFileType = text.plist.xml; path = Info.plist; sourceTree = "<group>"; };
		2F990CA21B2FD268000A9AC5 /* PhotoViewerTests.swift */ = {isa = PBXFileReference; lastKnownFileType = sourcecode.swift; path = PhotoViewerTests.swift; sourceTree = "<group>"; };
		2F990CAC1B2FD652000A9AC5 /* Photo.swift */ = {isa = PBXFileReference; fileEncoding = 4; lastKnownFileType = sourcecode.swift; path = Photo.swift; sourceTree = "<group>"; };
		2F990CAE1B2FD78E000A9AC5 /* PhotosTableViewController.swift */ = {isa = PBXFileReference; fileEncoding = 4; lastKnownFileType = sourcecode.swift; path = PhotosTableViewController.swift; sourceTree = "<group>"; };
		2F990CB01B2FD7D0000A9AC5 /* DisplayViewController.swift */ = {isa = PBXFileReference; fileEncoding = 4; lastKnownFileType = sourcecode.swift; path = DisplayViewController.swift; sourceTree = "<group>"; };
		2F990CB21B2FD7EC000A9AC5 /* InfoViewController.swift */ = {isa = PBXFileReference; fileEncoding = 4; lastKnownFileType = sourcecode.swift; path = InfoViewController.swift; sourceTree = "<group>"; };
/* End PBXFileReference section */

/* Begin PBXFrameworksBuildPhase section */
		2F990C841B2FD268000A9AC5 /* Frameworks */ = {
			isa = PBXFrameworksBuildPhase;
			buildActionMask = 2147483647;
			files = (
			);
			runOnlyForDeploymentPostprocessing = 0;
		};
		2F990C991B2FD268000A9AC5 /* Frameworks */ = {
			isa = PBXFrameworksBuildPhase;
			buildActionMask = 2147483647;
			files = (
			);
			runOnlyForDeploymentPostprocessing = 0;
		};
/* End PBXFrameworksBuildPhase section */

/* Begin PBXGroup section */
		2F990C7E1B2FD268000A9AC5 = {
			isa = PBXGroup;
			children = (
				2F990CAC1B2FD652000A9AC5 /* Photo.swift */,
				2F990C891B2FD268000A9AC5 /* PhotoViewer */,
				2F990C9F1B2FD268000A9AC5 /* PhotoViewerTests */,
				2F990C881B2FD268000A9AC5 /* Products */,
			);
			sourceTree = "<group>";
		};
		2F990C881B2FD268000A9AC5 /* Products */ = {
			isa = PBXGroup;
			children = (
				2F990C871B2FD268000A9AC5 /* PhotoViewer.app */,
				2F990C9C1B2FD268000A9AC5 /* PhotoViewerTests.xctest */,
			);
			name = Products;
			sourceTree = "<group>";
		};
		2F990C891B2FD268000A9AC5 /* PhotoViewer */ = {
			isa = PBXGroup;
			children = (
				2F990C8C1B2FD268000A9AC5 /* AppDelegate.swift */,
				2F990C901B2FD268000A9AC5 /* Main.storyboard */,
				2F990C931B2FD268000A9AC5 /* Images.xcassets */,
				2F990C951B2FD268000A9AC5 /* LaunchScreen.xib */,
				2F990C8A1B2FD268000A9AC5 /* Supporting Files */,
				2F990CAE1B2FD78E000A9AC5 /* PhotosTableViewController.swift */,
				2F990CB01B2FD7D0000A9AC5 /* DisplayViewController.swift */,
				2F990CB21B2FD7EC000A9AC5 /* InfoViewController.swift */,
			);
			path = PhotoViewer;
			sourceTree = "<group>";
		};
		2F990C8A1B2FD268000A9AC5 /* Supporting Files */ = {
			isa = PBXGroup;
			children = (
				2F990C8B1B2FD268000A9AC5 /* Info.plist */,
			);
			name = "Supporting Files";
			sourceTree = "<group>";
		};
		2F990C9F1B2FD268000A9AC5 /* PhotoViewerTests */ = {
			isa = PBXGroup;
			children = (
				2F990CA21B2FD268000A9AC5 /* PhotoViewerTests.swift */,
				2F990CA01B2FD268000A9AC5 /* Supporting Files */,
			);
			path = PhotoViewerTests;
			sourceTree = "<group>";
		};
		2F990CA01B2FD268000A9AC5 /* Supporting Files */ = {
			isa = PBXGroup;
			children = (
				2F990CA11B2FD268000A9AC5 /* Info.plist */,
			);
			name = "Supporting Files";
			sourceTree = "<group>";
		};
/* End PBXGroup section */

/* Begin PBXNativeTarget section */
		2F990C861B2FD268000A9AC5 /* PhotoViewer */ = {
			isa = PBXNativeTarget;
			buildConfigurationList = 2F990CA61B2FD268000A9AC5 /* Build configuration list for PBXNativeTarget "PhotoViewer" */;
			buildPhases = (
				2F990C831B2FD268000A9AC5 /* Sources */,
				2F990C841B2FD268000A9AC5 /* Frameworks */,
				2F990C851B2FD268000A9AC5 /* Resources */,
			);
			buildRules = (
			);
			dependencies = (
			);
			name = PhotoViewer;
			productName = PhotoViewer;
			productReference = 2F990C871B2FD268000A9AC5 /* PhotoViewer.app */;
			productType = "com.apple.product-type.application";
		};
		2F990C9B1B2FD268000A9AC5 /* PhotoViewerTests */ = {
			isa = PBXNativeTarget;
			buildConfigurationList = 2F990CA91B2FD268000A9AC5 /* Build configuration list for PBXNativeTarget "PhotoViewerTests" */;
			buildPhases = (
				2F990C981B2FD268000A9AC5 /* Sources */,
				2F990C991B2FD268000A9AC5 /* Frameworks */,
				2F990C9A1B2FD268000A9AC5 /* Resources */,
			);
			buildRules = (
			);
			dependencies = (
				2F990C9E1B2FD268000A9AC5 /* PBXTargetDependency */,
			);
			name = PhotoViewerTests;
			productName = PhotoViewerTests;
			productReference = 2F990C9C1B2FD268000A9AC5 /* PhotoViewerTests.xctest */;
			productType = "com.apple.product-type.bundle.unit-test";
		};
/* End PBXNativeTarget section */

/* Begin PBXProject section */
		2F990C7F1B2FD268000A9AC5 /* Project object */ = {
			isa = PBXProject;
			attributes = {
				LastUpgradeCheck = 0630;
				ORGANIZATIONNAME = "Alex Walker";
				TargetAttributes = {
					2F990C861B2FD268000A9AC5 = {
						CreatedOnToolsVersion = 6.3.1;
						DevelopmentTeam = N483K7Q65E;
					};
					2F990C9B1B2FD268000A9AC5 = {
						CreatedOnToolsVersion = 6.3.1;
						TestTargetID = 2F990C861B2FD268000A9AC5;
					};
				};
			};
			buildConfigurationList = 2F990C821B2FD268000A9AC5 /* Build configuration list for PBXProject "PhotoViewer" */;
			compatibilityVersion = "Xcode 3.2";
			developmentRegion = English;
			hasScannedForEncodings = 0;
			knownRegions = (
				en,
				Base,
			);
			mainGroup = 2F990C7E1B2FD268000A9AC5;
			productRefGroup = 2F990C881B2FD268000A9AC5 /* Products */;
			projectDirPath = "";
			projectRoot = "";
			targets = (
				2F990C861B2FD268000A9AC5 /* PhotoViewer */,
				2F990C9B1B2FD268000A9AC5 /* PhotoViewerTests */,
			);
		};
/* End PBXProject section */

/* Begin PBXResourcesBuildPhase section */
		2F990C851B2FD268000A9AC5 /* Resources */ = {
			isa = PBXResourcesBuildPhase;
			buildActionMask = 2147483647;
			files = (
				2F990C921B2FD268000A9AC5 /* Main.storyboard in Resources */,
				2F990C971B2FD268000A9AC5 /* LaunchScreen.xib in Resources */,
				2F990C941B2FD268000A9AC5 /* Images.xcassets in Resources */,
			);
			runOnlyForDeploymentPostprocessing = 0;
		};
		2F990C9A1B2FD268000A9AC5 /* Resources */ = {
			isa = PBXResourcesBuildPhase;
			buildActionMask = 2147483647;
			files = (
			);
			runOnlyForDeploymentPostprocessing = 0;
		};
/* End PBXResourcesBuildPhase section */

/* Begin PBXSourcesBuildPhase section */
		2F990C831B2FD268000A9AC5 /* Sources */ = {
			isa = PBXSourcesBuildPhase;
			buildActionMask = 2147483647;
			files = (
				2F990CAD1B2FD652000A9AC5 /* Photo.swift in Sources */,
				2F990C8D1B2FD268000A9AC5 /* AppDelegate.swift in Sources */,
				2F990CAF1B2FD78E000A9AC5 /* PhotosTableViewController.swift in Sources */,
				2F990CB11B2FD7D0000A9AC5 /* DisplayViewController.swift in Sources */,
				2F990CB31B2FD7EC000A9AC5 /* InfoViewController.swift in Sources */,
			);
			runOnlyForDeploymentPostprocessing = 0;
		};
		2F990C981B2FD268000A9AC5 /* Sources */ = {
			isa = PBXSourcesBuildPhase;
			buildActionMask = 2147483647;
			files = (
				2F990CA31B2FD268000A9AC5 /* PhotoViewerTests.swift in Sources */,
			);
			runOnlyForDeploymentPostprocessing = 0;
		};
/* End PBXSourcesBuildPhase section */

/* Begin PBXTargetDependency section */
		2F990C9E1B2FD268000A9AC5 /* PBXTargetDependency */ = {
			isa = PBXTargetDependency;
			target = 2F990C861B2FD268000A9AC5 /* PhotoViewer */;
			targetProxy = 2F990C9D1B2FD268000A9AC5 /* PBXContainerItemProxy */;
		};
/* End PBXTargetDependency section */

/* Begin PBXVariantGroup section */
		2F990C901B2FD268000A9AC5 /* Main.storyboard */ = {
			isa = PBXVariantGroup;
			children = (
				2F990C911B2FD268000A9AC5 /* Base */,
			);
			name = Main.storyboard;
			sourceTree = "<group>";
		};
		2F990C951B2FD268000A9AC5 /* LaunchScreen.xib */ = {
			isa = PBXVariantGroup;
			children = (
				2F990C961B2FD268000A9AC5 /* Base */,
			);
			name = LaunchScreen.xib;
			sourceTree = "<group>";
		};
/* End PBXVariantGroup section */

/* Begin XCBuildConfiguration section */
		2F990CA41B2FD268000A9AC5 /* Debug */ = {
			isa = XCBuildConfiguration;
			buildSettings = {
				ALWAYS_SEARCH_USER_PATHS = NO;
				CLANG_CXX_LANGUAGE_STANDARD = "gnu++0x";
				CLANG_CXX_LIBRARY = "libc++";
				CLANG_ENABLE_MODULES = YES;
				CLANG_ENABLE_OBJC_ARC = YES;
				CLANG_WARN_BOOL_CONVERSION = YES;
				CLANG_WARN_CONSTANT_CONVERSION = YES;
				CLANG_WARN_DIRECT_OBJC_ISA_USAGE = YES_ERROR;
				CLANG_WARN_EMPTY_BODY = YES;
				CLANG_WARN_ENUM_CONVERSION = YES;
				CLANG_WARN_INT_CONVERSION = YES;
				CLANG_WARN_OBJC_ROOT_CLASS = YES_ERROR;
				CLANG_WARN_UNREACHABLE_CODE = YES;
				CLANG_WARN__DUPLICATE_METHOD_MATCH = YES;
				"CODE_SIGN_IDENTITY[sdk=iphoneos*]" = "iPhone Developer";
				COPY_PHASE_STRIP = NO;
				DEBUG_INFORMATION_FORMAT = "dwarf-with-dsym";
				ENABLE_STRICT_OBJC_MSGSEND = YES;
				GCC_C_LANGUAGE_STANDARD = gnu99;
				GCC_DYNAMIC_NO_PIC = NO;
				GCC_NO_COMMON_BLOCKS = YES;
				GCC_OPTIMIZATION_LEVEL = 0;
				GCC_PREPROCESSOR_DEFINITIONS = (
					"DEBUG=1",
					"$(inherited)",
				);
				GCC_SYMBOLS_PRIVATE_EXTERN = NO;
				GCC_WARN_64_TO_32_BIT_CONVERSION = YES;
				GCC_WARN_ABOUT_RETURN_TYPE = YES_ERROR;
				GCC_WARN_UNDECLARED_SELECTOR = YES;
				GCC_WARN_UNINITIALIZED_AUTOS = YES_AGGRESSIVE;
				GCC_WARN_UNUSED_FUNCTION = YES;
				GCC_WARN_UNUSED_VARIABLE = YES;
				IPHONEOS_DEPLOYMENT_TARGET = 8.3;
				MTL_ENABLE_DEBUG_INFO = YES;
				ONLY_ACTIVE_ARCH = YES;
				SDKROOT = iphoneos;
				SWIFT_OPTIMIZATION_LEVEL = "-Onone";
			};
			name = Debug;
		};
		2F990CA51B2FD268000A9AC5 /* Release */ = {
			isa = XCBuildConfiguration;
			buildSettings = {
				ALWAYS_SEARCH_USER_PATHS = NO;
				CLANG_CXX_LANGUAGE_STANDARD = "gnu++0x";
				CLANG_CXX_LIBRARY = "libc++";
				CLANG_ENABLE_MODULES = YES;
				CLANG_ENABLE_OBJC_ARC = YES;
				CLANG_WARN_BOOL_CONVERSION = YES;
				CLANG_WARN_CONSTANT_CONVERSION = YES;
				CLANG_WARN_DIRECT_OBJC_ISA_USAGE = YES_ERROR;
				CLANG_WARN_EMPTY_BODY = YES;
				CLANG_WARN_ENUM_CONVERSION = YES;
				CLANG_WARN_INT_CONVERSION = YES;
				CLANG_WARN_OBJC_ROOT_CLASS = YES_ERROR;
				CLANG_WARN_UNREACHABLE_CODE = YES;
				CLANG_WARN__DUPLICATE_METHOD_MATCH = YES;
				"CODE_SIGN_IDENTITY[sdk=iphoneos*]" = "iPhone Developer";
				COPY_PHASE_STRIP = NO;
				DEBUG_INFORMATION_FORMAT = "dwarf-with-dsym";
				ENABLE_NS_ASSERTIONS = NO;
				ENABLE_STRICT_OBJC_MSGSEND = YES;
				GCC_C_LANGUAGE_STANDARD = gnu99;
				GCC_NO_COMMON_BLOCKS = YES;
				GCC_WARN_64_TO_32_BIT_CONVERSION = YES;
				GCC_WARN_ABOUT_RETURN_TYPE = YES_ERROR;
				GCC_WARN_UNDECLARED_SELECTOR = YES;
				GCC_WARN_UNINITIALIZED_AUTOS = YES_AGGRESSIVE;
				GCC_WARN_UNUSED_FUNCTION = YES;
				GCC_WARN_UNUSED_VARIABLE = YES;
				IPHONEOS_DEPLOYMENT_TARGET = 8.3;
				MTL_ENABLE_DEBUG_INFO = NO;
				SDKROOT = iphoneos;
				VALIDATE_PRODUCT = YES;
			};
			name = Release;
		};
		2F990CA71B2FD268000A9AC5 /* Debug */ = {
			isa = XCBuildConfiguration;
			buildSettings = {
				ASSETCATALOG_COMPILER_APPICON_NAME = AppIcon;
				CODE_SIGN_IDENTITY = "iPhone Developer";
				"CODE_SIGN_IDENTITY[sdk=iphoneos*]" = "iPhone Developer";
				INFOPLIST_FILE = PhotoViewer/Info.plist;
				IPHONEOS_DEPLOYMENT_TARGET = 8.1;
				LD_RUNPATH_SEARCH_PATHS = "$(inherited) @executable_path/Frameworks";
				PRODUCT_NAME = "$(TARGET_NAME)";
				PROVISIONING_PROFILE = "";
			};
			name = Debug;
		};
		2F990CA81B2FD268000A9AC5 /* Release */ = {
			isa = XCBuildConfiguration;
			buildSettings = {
				ASSETCATALOG_COMPILER_APPICON_NAME = AppIcon;
				CODE_SIGN_IDENTITY = "iPhone Developer";
				"CODE_SIGN_IDENTITY[sdk=iphoneos*]" = "iPhone Developer";
				INFOPLIST_FILE = PhotoViewer/Info.plist;
				IPHONEOS_DEPLOYMENT_TARGET = 8.1;
				LD_RUNPATH_SEARCH_PATHS = "$(inherited) @executable_path/Frameworks";
				PRODUCT_NAME = "$(TARGET_NAME)";
				PROVISIONING_PROFILE = "";
			};
			name = Release;
		};
		2F990CAA1B2FD268000A9AC5 /* Debug */ = {
			isa = XCBuildConfiguration;
			buildSettings = {
				BUNDLE_LOADER = "$(TEST_HOST)";
				FRAMEWORK_SEARCH_PATHS = (
					"$(SDKROOT)/Developer/Library/Frameworks",
					"$(inherited)",
				);
				GCC_PREPROCESSOR_DEFINITIONS = (
					"DEBUG=1",
					"$(inherited)",
				);
				INFOPLIST_FILE = PhotoViewerTests/Info.plist;
				LD_RUNPATH_SEARCH_PATHS = "$(inherited) @executable_path/Frameworks @loader_path/Frameworks";
				PRODUCT_NAME = "$(TARGET_NAME)";
				TEST_HOST = "$(BUILT_PRODUCTS_DIR)/PhotoViewer.app/PhotoViewer";
			};
			name = Debug;
		};
		2F990CAB1B2FD268000A9AC5 /* Release */ = {
			isa = XCBuildConfiguration;
			buildSettings = {
				BUNDLE_LOADER = "$(TEST_HOST)";
				FRAMEWORK_SEARCH_PATHS = (
					"$(SDKROOT)/Developer/Library/Frameworks",
					"$(inherited)",
				);
				INFOPLIST_FILE = PhotoViewerTests/Info.plist;
				LD_RUNPATH_SEARCH_PATHS = "$(inherited) @executable_path/Frameworks @loader_path/Frameworks";
				PRODUCT_NAME = "$(TARGET_NAME)";
				TEST_HOST = "$(BUILT_PRODUCTS_DIR)/PhotoViewer.app/PhotoViewer";
			};
			name = Release;
		};
/* End XCBuildConfiguration section */

/* Begin XCConfigurationList section */
		2F990C821B2FD268000A9AC5 /* Build configuration list for PBXProject "PhotoViewer" */ = {
			isa = XCConfigurationList;
			buildConfigurations = (
				2F990CA41B2FD268000A9AC5 /* Debug */,
				2F990CA51B2FD268000A9AC5 /* Release */,
			);
			defaultConfigurationIsVisible = 0;
			defaultConfigurationName = Release;
		};
		2F990CA61B2FD268000A9AC5 /* Build configuration list for PBXNativeTarget "PhotoViewer" */ = {
			isa = XCConfigurationList;
			buildConfigurations = (
				2F990CA71B2FD268000A9AC5 /* Debug */,
				2F990CA81B2FD268000A9AC5 /* Release */,
			);
			defaultConfigurationIsVisible = 0;
			defaultConfigurationName = Release;
		};
		2F990CA91B2FD268000A9AC5 /* Build configuration list for PBXNativeTarget "PhotoViewerTests" */ = {
			isa = XCConfigurationList;
			buildConfigurations = (
				2F990CAA1B2FD268000A9AC5 /* Debug */,
				2F990CAB1B2FD268000A9AC5 /* Release */,
			);
			defaultConfigurationIsVisible = 0;
			defaultConfigurationName = Release;
		};
/* End XCConfigurationList section */
	};
	rootObject = 2F990C7F1B2FD268000A9AC5 /* Project object */;
}
